
Microsoft Visual Studio Solution File, Format Version 12.00
# Visual Studio Version 17
VisualStudioVersion = 17.4.33213.308
MinimumVisualStudioVersion = 10.0.40219.1
Project("{FAE04EC0-301F-11D3-BF4B-00C04F79EFBC}") = "LoginForm", "LoginForm\LoginForm.csproj", "{0AFAB4F8-ECDD-4486-A02B-B959D2CD35BD}"
EndProject
Global
	GlobalSection(SolutionConfigurationPlatforms) = preSolution
		Debug|Any CPU = Debug|Any CPU
		Release|Any CPU = Release|Any CPU
	EndGlobalSection
	GlobalSection(ProjectConfigurationPlatforms) = postSolution
		{0AFAB4F8-ECDD-4486-A02B-B959D2CD35BD}.Debug|Any CPU.ActiveCfg = Debug|Any CPU
		{0AFAB4F8-ECDD-4486-A02B-B959D2CD35BD}.Debug|Any CPU.Build.0 = Debug|Any CPU
		{0AFAB4F8-ECDD-4486-A02B-B959D2CD35BD}.Release|Any CPU.ActiveCfg = Release|Any CPU
		{0AFAB4F8-ECDD-4486-A02B-B959D2CD35BD}.Release|Any CPU.Build.0 = Release|Any CPU
	EndGlobalSection
	GlobalSection(SolutionProperties) = preSolution
		HideSolutionNode = FALSE
	EndGlobalSection
	GlobalSection(ExtensibilityGlobals) = postSolution
		SolutionGuid = {A6FD3C91-5625-4AAF-A464-829A363B4202}
	EndGlobalSection
EndGlobal
